{
  "name": "08-npm",
  "version": "1.0.0",
  "lockfileVersion": 1,
  "requires": true,
  "dependencies": {
    "dom7": {
      "version": "4.0.0",
      "resolved": "https://registry.npmjs.org/dom7/-/dom7-4.0.0.tgz",
      "integrity": "sha512-xOJ0LAHFwktyj8Xljz4R2wzRI+Y9mR0plkMP0WlqtwqAkqn/vbdAyRifiW/w8mXe17LGktntcAwsQ5fKVDBNYg==",
      "requires": {
        "ssr-window": "^4.0.0"
      }
    },
    "fastclick": {
      "version": "1.0.6",
      "resolved": "https://registry.npmjs.org/fastclick/-/fastclick-1.0.6.tgz",
      "integrity": "sha1-FhYlsnsaWAZAWTa9qaLBkm0Gvmo=",
      "dev": true
    },
    "jquery": {
      "version": "3.6.0",
      "resolved": "https://registry.npmjs.org/jquery/-/jquery-3.6.0.tgz",
      "integrity": "sha512-JVzAR/AjBvVt2BmYhxRCSYysDsPcssdmTFnzyLEts9qNwmjmu4JTAMYubEfwVOSwpQ1I1sKKFcxhZCI2buerfw=="
    },
    "ssr-window": {
      "version": "4.0.0",
      "resolved": "https://registry.npmjs.org/ssr-window/-/ssr-window-4.0.0.tgz",
      "integrity": "sha512-qCg6wJNeGNTVcPK2KFNfwtHU1gA3UZDZdxogu+Ys5+Ue5PMOENxUb7sscpAWWo4mWOBkJRCwQ50IlyA7qZ0hxw=="
    },
    "swiper": {
      "version": "7.0.8",
      "resolved": "https://registry.npmjs.org/swiper/-/swiper-7.0.8.tgz",
      "integrity": "sha512-1IpWjHam98eTNiysi9MauvPHdLgrLesSYGd7JXvQEJkvW/NvI9gogMfRfbv+7jCK3+nIWuCpVnJmKCOBtJi4JA==",
      "requires": {
        "dom7": "^4.0.0",
        "ssr-window": "^4.0.0"
      }
    }
  }
}
